
Microsoft Visual Studio Solution File, Format Version 12.00
# Visual Studio Version 17
VisualStudioVersion = 17.13.35931.197 d17.13
MinimumVisualStudioVersion = 10.0.40219.1
Project("{FAE04EC0-301F-11D3-BF4B-00C04F79EFBC}") = "WindowsFormsApp_06_If", "WindowsFormsApp_06_If\WindowsFormsApp_06_If.csproj", "{9CF2F526-51C1-41B6-9F6B-BF65706394F2}"
EndProject
Global
	GlobalSection(SolutionConfigurationPlatforms) = preSolution
		Debug|Any CPU = Debug|Any CPU
		Release|Any CPU = Release|Any CPU
	EndGlobalSection
	GlobalSection(ProjectConfigurationPlatforms) = postSolution
		{9CF2F526-51C1-41B6-9F6B-BF65706394F2}.Debug|Any CPU.ActiveCfg = Debug|Any CPU
		{9CF2F526-51C1-41B6-9F6B-BF65706394F2}.Debug|Any CPU.Build.0 = Debug|Any CPU
		{9CF2F526-51C1-41B6-9F6B-BF65706394F2}.Release|Any CPU.ActiveCfg = Release|Any CPU
		{9CF2F526-51C1-41B6-9F6B-BF65706394F2}.Release|Any CPU.Build.0 = Release|Any CPU
	EndGlobalSection
	GlobalSection(SolutionProperties) = preSolution
		HideSolutionNode = FALSE
	EndGlobalSection
	GlobalSection(ExtensibilityGlobals) = postSolution
		SolutionGuid = {E1510402-C045-49A8-A475-75582ED866B0}
	EndGlobalSection
EndGlobal
