
Microsoft Visual Studio Solution File, Format Version 12.00
# Visual Studio Version 17
VisualStudioVersion = 17.13.35931.197 d17.13
MinimumVisualStudioVersion = 10.0.40219.1
Project("{FAE04EC0-301F-11D3-BF4B-00C04F79EFBC}") = "WindowsFormsApp_13_Override", "WindowsFormsApp_13_Override\WindowsFormsApp_13_Override.csproj", "{050A25A8-63B8-4FB0-8332-AEC0C90DF757}"
EndProject
Global
	GlobalSection(SolutionConfigurationPlatforms) = preSolution
		Debug|Any CPU = Debug|Any CPU
		Release|Any CPU = Release|Any CPU
	EndGlobalSection
	GlobalSection(ProjectConfigurationPlatforms) = postSolution
		{050A25A8-63B8-4FB0-8332-AEC0C90DF757}.Debug|Any CPU.ActiveCfg = Debug|Any CPU
		{050A25A8-63B8-4FB0-8332-AEC0C90DF757}.Debug|Any CPU.Build.0 = Debug|Any CPU
		{050A25A8-63B8-4FB0-8332-AEC0C90DF757}.Release|Any CPU.ActiveCfg = Release|Any CPU
		{050A25A8-63B8-4FB0-8332-AEC0C90DF757}.Release|Any CPU.Build.0 = Release|Any CPU
	EndGlobalSection
	GlobalSection(SolutionProperties) = preSolution
		HideSolutionNode = FALSE
	EndGlobalSection
	GlobalSection(ExtensibilityGlobals) = postSolution
		SolutionGuid = {EB1508D7-C89E-4A33-BEDE-91ABFF9E2AF1}
	EndGlobalSection
EndGlobal
